{
  "lockfile_version": "1",
  "packages": {
    "gcc": {
      "resolved": "github:NixOS/nixpkgs/16c7794d0a28b5a37904d55bcca36003b9109aaa#gcc",
      "source": "nixpkg"
    },
    "github:NixOS/nixpkgs/nixpkgs-unstable": {
      "last_modified": "2026-01-02T14:39:32Z",
      "resolved": "github:NixOS/nixpkgs/16c7794d0a28b5a37904d55bcca36003b9109aaa?lastModified=1767364772"
    },
    "github:seatedro/glimpse": {
      "last_modified": "2026-01-02T08:22:55Z",
      "resolved": "github:seatedro/glimpse/bd7ef51643b47ae651dcdeab1cc5730eee8c1541?lastModified=1767342175"
    },
    "glibcLocales@latest": {
      "last_modified": "2025-11-23T21:50:36Z",
      "resolved": "github:NixOS/nixpkgs/ee09932cedcef15aaf476f9343d1dea2cb77e261#glibcLocales",
      "source": "devbox-search",
      "version": "2.40-66",
      "systems": {
        "aarch64-linux": {
          "outputs": [
            {
              "name": "out",
              "path": "/nix/store/lhf8phvkgmlqr5ys1bgfr4g38b3l95kd-glibc-locales-2.40-66",
              "default": true
            }
          ],
          "store_path": "/nix/store/lhf8phvkgmlqr5ys1bgfr4g38b3l95kd-glibc-locales-2.40-66"
        },
        "x86_64-linux": {
          "outputs": [
            {
              "name": "out",
              "path": "/nix/store/hjlkypp9lpxwzsjycpy7nqg2mnl7qhzv-glibc-locales-2.40-66",
              "default": true
            }
          ],
          "store_path": "/nix/store/hjlkypp9lpxwzsjycpy7nqg2mnl7qhzv-glibc-locales-2.40-66"
        }
      }
    },
    "glow@latest": {
      "last_modified": "2025-12-31T03:27:36Z",
      "resolved": "github:NixOS/nixpkgs/f665af0cdb70ed27e1bd8f9fdfecaf451260fc55#glow",
      "source": "devbox-search",
      "version": "2.1.1",
      "systems": {
        "aarch64-darwin": {
          "outputs": [
            {
              "name": "out",
              "path": "/nix/store/29sm1ig5r8fbzl38gpbb1c4npiw9wvjy-glow-2.1.1",
              "default": true
            }
          ],
          "store_path": "/nix/store/29sm1ig5r8fbzl38gpbb1c4npiw9wvjy-glow-2.1.1"
        },
        "aarch64-linux": {
          "outputs": [
            {
              "name": "out",
              "path": "/nix/store/i4zjimn2vvlhzv1xdb48h7b6qji5wm3x-glow-2.1.1",
              "default": true
            }
          ],
          "store_path": "/nix/store/i4zjimn2vvlhzv1xdb48h7b6qji5wm3x-glow-2.1.1"
        },
        "x86_64-darwin": {
          "outputs": [
            {
              "name": "out",
              "path": "/nix/store/g6g4a69q83y202n642jw9lc6q2jgxc0l-glow-2.1.1",
              "default": true
            }
          ],
          "store_path": "/nix/store/g6g4a69q83y202n642jw9lc6q2jgxc0l-glow-2.1.1"
        },
        "x86_64-linux": {
          "outputs": [
            {
              "name": "out",
              "path": "/nix/store/f4a42x47x1izqz2x9xw9x18y7lqhhj2n-glow-2.1.1",
              "default": true
            }
          ],
          "store_path": "/nix/store/f4a42x47x1izqz2x9xw9x18y7lqhhj2n-glow-2.1.1"
        }
      }
    },
    "go@latest": {
      "last_modified": "2025-11-23T21:50:36Z",
      "resolved": "github:NixOS/nixpkgs/ee09932cedcef15aaf476f9343d1dea2cb77e261#go",
      "source": "devbox-search",
      "version": "1.25.4",
      "systems": {
        "aarch64-darwin": {
          "outputs": [
            {
              "name": "out",
              "path": "/nix/store/52f5kjcmgmvgrz3rij676b3rjmgg5l5g-go-1.25.4",
              "default": true
            }
          ],
          "store_path": "/nix/store/52f5kjcmgmvgrz3rij676b3rjmgg5l5g-go-1.25.4"
        },
        "aarch64-linux": {
          "outputs": [
            {
              "name": "out",
              "path": "/nix/store/2ajrlmz1qdpm9k9ankhnp3973wxg1gqs-go-1.25.4",
              "default": true
            }
          ],
          "store_path": "/nix/store/2ajrlmz1qdpm9k9ankhnp3973wxg1gqs-go-1.25.4"
        },
        "x86_64-darwin": {
          "outputs": [
            {
              "name": "out",
              "path": "/nix/store/1rqpvp45rl4sr1l0czrlbmv8jqj9sa7r-go-1.25.4",
              "default": true
            }
          ],
          "store_path": "/nix/store/1rqpvp45rl4sr1l0czrlbmv8jqj9sa7r-go-1.25.4"
        },
        "x86_64-linux": {
          "outputs": [
            {
              "name": "out",
              "path": "/nix/store/0a3dyfq09dnkw28ap2i450wjimvdmv6s-go-1.25.4",
              "default": true
            }
          ],
          "store_path": "/nix/store/0a3dyfq09dnkw28ap2i450wjimvdmv6s-go-1.25.4"
        }
      }
    },
    "goose@latest": {
      "last_modified": "2025-11-23T21:50:36Z",
      "resolved": "github:NixOS/nixpkgs/ee09932cedcef15aaf476f9343d1dea2cb77e261#goose",
      "source": "devbox-search",
      "version": "3.26.0",
      "systems": {
        "aarch64-darwin": {
          "outputs": [
            {
              "name": "out",
              "path": "/nix/store/kwq70kq99bsf8mg9cbab63vwd3ckv2k7-goose-3.26.0",
              "default": true
            }
          ],
          "store_path": "/nix/store/kwq70kq99bsf8mg9cbab63vwd3ckv2k7-goose-3.26.0"
        },
        "aarch64-linux": {
          "outputs": [
            {
              "name": "out",
              "path": "/nix/store/g9bvm98jawpmv546vvz6rzb3azmpxqb4-goose-3.26.0",
              "default": true
            }
          ],
          "store_path": "/nix/store/g9bvm98jawpmv546vvz6rzb3azmpxqb4-goose-3.26.0"
        },
        "x86_64-darwin": {
          "outputs": [
            {
              "name": "out",
              "path": "/nix/store/j9h7qsaljxa8k0sfdlh7r6yq7a4ha0dn-goose-3.26.0",
              "default": true
            }
          ],
          "store_path": "/nix/store/j9h7qsaljxa8k0sfdlh7r6yq7a4ha0dn-goose-3.26.0"
        },
        "x86_64-linux": {
          "outputs": [
            {
              "name": "out",
              "path": "/nix/store/nnlv03qjaffvfpdaqp0k6w1qjzz5gvjp-goose-3.26.0",
              "default": true
            }
          ],
          "store_path": "/nix/store/nnlv03qjaffvfpdaqp0k6w1qjzz5gvjp-goose-3.26.0"
        }
      }
    },
    "nodejs@latest": {
      "last_modified": "2026-01-14T12:51:35Z",
      "plugin_version": "0.0.2",
      "resolved": "github:NixOS/nixpkgs/13868c071cc73a5e9f610c47d7bb08e5da64fdd5#nodejs_25",
      "source": "devbox-search",
      "version": "25.3.0",
      "systems": {
        "aarch64-darwin": {
          "outputs": [
            {
              "name": "out",
              "path": "/nix/store/k6m3ycx0d199wj6k25w0v464ylq4rxq7-nodejs-25.3.0",
              "default": true
            },
            {
              "name": "dev",
              "path": "/nix/store/nzgf44hn9zr0fzg3l3n1adisrrs4ajmv-nodejs-25.3.0-dev"
            },
            {
              "name": "libv8",
              "path": "/nix/store/71gkz93f07cczgilyxpc8kvrbfj30h6w-nodejs-25.3.0-libv8"
            }
          ],
          "store_path": "/nix/store/k6m3ycx0d199wj6k25w0v464ylq4rxq7-nodejs-25.3.0"
        },
        "aarch64-linux": {
          "outputs": [
            {
              "name": "out",
              "path": "/nix/store/dmqgxh2hgbxygqc86kg1s14032hvq9nz-nodejs-25.3.0",
              "default": true
            },
            {
              "name": "dev",
              "path": "/nix/store/kdgcbcb8yh3pa4cbbr4cv8k9c8d3zfjw-nodejs-25.3.0-dev"
            },
            {
              "name": "libv8",
              "path": "/nix/store/pmscxpbp2bpy3fqhl0kgnlvm6hbjvpj5-nodejs-25.3.0-libv8"
            }
          ],
          "store_path": "/nix/store/dmqgxh2hgbxygqc86kg1s14032hvq9nz-nodejs-25.3.0"
        },
        "x86_64-darwin": {
          "outputs": [
            {
              "name": "out",
              "path": "/nix/store/5wjyfay85d8qnxh61phfvan2wzcnihpn-nodejs-25.3.0",
              "default": true
            },
            {
              "name": "dev",
              "path": "/nix/store/h51crf2a9a01ixck84kach1h3fp924pa-nodejs-25.3.0-dev"
            },
            {
              "name": "libv8",
              "path": "/nix/store/h2r78kcgxkp7absbyzlsnjw99ljckjxh-nodejs-25.3.0-libv8"
            }
          ],
          "store_path": "/nix/store/5wjyfay85d8qnxh61phfvan2wzcnihpn-nodejs-25.3.0"
        },
        "x86_64-linux": {
          "outputs": [
            {
              "name": "out",
              "path": "/nix/store/mnidlfk3ld1n0dll0zdd4mhzbq9phn9n-nodejs-25.3.0",
              "default": true
            },
            {
              "name": "dev",
              "path": "/nix/store/hj75q4m68bh0hf4vgvfj2qdi9gnszw08-nodejs-25.3.0-dev"
            },
            {
              "name": "libv8",
              "path": "/nix/store/icqs2k7jmm6bnykpgyjk3bng65hxs8rq-nodejs-25.3.0-libv8"
            }
          ],
          "store_path": "/nix/store/mnidlfk3ld1n0dll0zdd4mhzbq9phn9n-nodejs-25.3.0"
        }
      }
    },
    "postgresql@latest": {
      "last_modified": "2025-12-29T16:45:58Z",
      "plugin_version": "0.0.2",
      "resolved": "github:NixOS/nixpkgs/346dd96ad74dc4457a9db9de4f4f57dab2e5731d#postgresql",
      "source": "devbox-search",
      "version": "17.7",
      "systems": {
        "aarch64-darwin": {
          "outputs": [
            {
              "name": "out",
              "path": "/nix/store/1r3winn5zfalbmwinc6lq88b9xraby8a-postgresql-17.7",
              "default": true
            },
            {
              "name": "man",
              "path": "/nix/store/dj5ziqm1qamn4bxf686fj08rzpp400wa-postgresql-17.7-man",
              "default": true
            },
            {
              "name": "doc",
              "path": "/nix/store/n78ml6ksw0s2dxk7ic1gh28hmb6ycd1k-postgresql-17.7-doc"
            },
            {
              "name": "jit",
              "path": "/nix/store/71r1n46jc3g3j43gvdg9b6q33bw3bx55-postgresql-17.7-jit"
            },
            {
              "name": "plpython3",
              "path": "/nix/store/s89wqamhx0g8dhkfhs8y9ldlyxwfivpd-postgresql-17.7-plpython3"
            },
            {
              "name": "pltcl",
              "path": "/nix/store/nbhgray24frq0wk7ysbd05wx08wwlymh-postgresql-17.7-pltcl"
            },
            {
              "name": "dev",
              "path": "/nix/store/mrvyg7p7zl2v65bjkll6ajry4nm1vf5n-postgresql-17.7-dev"
            },
            {
              "name": "lib",
              "path": "/nix/store/gkgw7kfwcp5a3pqzw09jqzhszrhkaiq5-postgresql-17.7-lib"
            },
            {
              "name": "plperl",
              "path": "/nix/store/107mlxrvyrcv103i4amyx7d4jsdpg4ii-postgresql-17.7-plperl"
            }
          ],
          "store_path": "/nix/store/1r3winn5zfalbmwinc6lq88b9xraby8a-postgresql-17.7"
        },
        "aarch64-linux": {
          "outputs": [
            {
              "name": "out",
              "path": "/nix/store/zf2820zfkfksdk8sfm3w9dckl8xszlwp-postgresql-17.7",
              "default": true
            },
            {
              "name": "man",
              "path": "/nix/store/a1qcrfk56mh3vyark65rvmz9y02rnwiw-postgresql-17.7-man",
              "default": true
            },
            {
              "name": "jit",
              "path": "/nix/store/mg2l11akzzg3biy06pcrsbnms95rv5sk-postgresql-17.7-jit"
            },
            {
              "name": "plperl",
              "path": "/nix/store/q0xfwfc7pi0vdhj60s8jrixn8r0an0gq-postgresql-17.7-plperl"
            },
            {
              "name": "doc",
              "path": "/nix/store/hpc3lmc215wv6dg4vxism4nkr0vaf5kf-postgresql-17.7-doc"
            },
            {
              "name": "lib",
              "path": "/nix/store/3sd6wqh57cnsniqwji06nkjqs62621w9-postgresql-17.7-lib"
            },
            {
              "name": "plpython3",
              "path": "/nix/store/x4ry31m2gq8yzyf19lp7pa7iyg4skra6-postgresql-17.7-plpython3"
            },
            {
              "name": "pltcl",
              "path": "/nix/store/wk1642q21p2gh94457nxa4ndlizfl54h-postgresql-17.7-pltcl"
            },
            {
              "name": "debug",
              "path": "/nix/store/07d3nmjmm625xsy5w50v8hs8xxi78gs2-postgresql-17.7-debug"
            },
            {
              "name": "dev",
              "path": "/nix/store/gnn65ifxb4vxfqqmsz181jb50bdm1ddw-postgresql-17.7-dev"
            }
          ],
          "store_path": "/nix/store/zf2820zfkfksdk8sfm3w9dckl8xszlwp-postgresql-17.7"
        },
        "x86_64-darwin": {
          "outputs": [
            {
              "name": "out",
              "path": "/nix/store/k29fa39ca5bbdg4wli3zb9lc4dzmnpl6-postgresql-17.7",
              "default": true
            },
            {
              "name": "man",
              "path": "/nix/store/g7fk07mbv5z7zb6di313jsr2d22ilghj-postgresql-17.7-man",
              "default": true
            },
            {
              "name": "dev",
              "path": "/nix/store/9by238ra0dyyl6cgffi8815cvys7avb0-postgresql-17.7-dev"
            },
            {
              "name": "doc",
              "path": "/nix/store/2qicjyqc6az614ih1k4znsgimv8xryqa-postgresql-17.7-doc"
            },
            {
              "name": "lib",
              "path": "/nix/store/1zraq1plnja6slvm7nsjajql0w2r13xh-postgresql-17.7-lib"
            },
            {
              "name": "plpython3",
              "path": "/nix/store/8wjjgmmjnaa66mgrv7fnk3sq9s4bj6jn-postgresql-17.7-plpython3"
            },
            {
              "name": "pltcl",
              "path": "/nix/store/zrihs39fvsg98fkydrrcn738qkyl44f8-postgresql-17.7-pltcl"
            },
            {
              "name": "jit",
              "path": "/nix/store/4l0v5qzkrpyx1j3x27nafh3wv6dl7fk8-postgresql-17.7-jit"
            },
            {
              "name": "plperl",
              "path": "/nix/store/3wz08r6904nja561g87y9lnimr899iha-postgresql-17.7-plperl"
            }
          ],
          "store_path": "/nix/store/k29fa39ca5bbdg4wli3zb9lc4dzmnpl6-postgresql-17.7"
        },
        "x86_64-linux": {
          "outputs": [
            {
              "name": "out",
              "path": "/nix/store/hkhbalgmx1669niw8jg648vbqs3mdxkv-postgresql-17.7",
              "default": true
            },
            {
              "name": "man",
              "path": "/nix/store/1vmp92d903jjf4m5jb1zxhy5q7lpw4rj-postgresql-17.7-man",
              "default": true
            },
            {
              "name": "plperl",
              "path": "/nix/store/ndsb1zlfy750ngfzqkjpsvmllvhdvwcc-postgresql-17.7-plperl"
            },
            {
              "name": "plpython3",
              "path": "/nix/store/q5ly90dah4k5kxniqzjm73rfglab3mxz-postgresql-17.7-plpython3"
            },
            {
              "name": "pltcl",
              "path": "/nix/store/5xw9m3d3ya7a3465kp4h2b5kykjnbwgp-postgresql-17.7-pltcl"
            },
            {
              "name": "doc",
              "path": "/nix/store/lan4adw325nkizls7m9s8aw50bj57xlr-postgresql-17.7-doc"
            },
            {
              "name": "debug",
              "path": "/nix/store/v574nvjrvvq3d61n3sz5zlbhq2cfdswp-postgresql-17.7-debug"
            },
            {
              "name": "dev",
              "path": "/nix/store/s2g1pc44iip8kslvs9y03x6x0h83g6p3-postgresql-17.7-dev"
            },
            {
              "name": "jit",
              "path": "/nix/store/3wnpb9lmkb2car15wsnh0jni2r5s26ri-postgresql-17.7-jit"
            },
            {
              "name": "lib",
              "path": "/nix/store/5225f1ish8km9ka30g7d3pbkr5bm191d-postgresql-17.7-lib"
            }
          ],
          "store_path": "/nix/store/hkhbalgmx1669niw8jg648vbqs3mdxkv-postgresql-17.7"
        }
      }
    },
    "redis@latest": {
      "last_modified": "2026-01-23T17:20:52Z",
      "plugin_version": "0.0.2",
      "resolved": "github:NixOS/nixpkgs/a1bab9e494f5f4939442a57a58d0449a109593fe#redis",
      "source": "devbox-search",
      "version": "8.2.3",
      "systems": {
        "aarch64-darwin": {
          "outputs": [
            {
              "name": "out",
              "path": "/nix/store/mm3ki4xxh3x6vbvv4494i6i96q2d2hkn-redis-8.2.3",
              "default": true
            }
          ],
          "store_path": "/nix/store/mm3ki4xxh3x6vbvv4494i6i96q2d2hkn-redis-8.2.3"
        },
        "aarch64-linux": {
          "outputs": [
            {
              "name": "out",
              "path": "/nix/store/z9bp2clw7p1hpf6zr434qzlad84pb738-redis-8.2.3",
              "default": true
            }
          ],
          "store_path": "/nix/store/z9bp2clw7p1hpf6zr434qzlad84pb738-redis-8.2.3"
        },
        "x86_64-darwin": {
          "outputs": [
            {
              "name": "out",
              "path": "/nix/store/5mrw7f1pwrw5jgqbvzr6px5dvh0fi6b5-redis-8.2.3",
              "default": true
            }
          ],
          "store_path": "/nix/store/5mrw7f1pwrw5jgqbvzr6px5dvh0fi6b5-redis-8.2.3"
        },
        "x86_64-linux": {
          "outputs": [
            {
              "name": "out",
              "path": "/nix/store/0s74mlr34pvblfcci0cwi5qzisk830cc-redis-8.2.3",
              "default": true
            }
          ],
          "store_path": "/nix/store/0s74mlr34pvblfcci0cwi5qzisk830cc-redis-8.2.3"
        }
      }
    },
    "sqlc@latest": {
      "last_modified": "2025-11-23T21:50:36Z",
      "resolved": "github:NixOS/nixpkgs/ee09932cedcef15aaf476f9343d1dea2cb77e261#sqlc",
      "source": "devbox-search",
      "version": "1.30.0",
      "systems": {
        "aarch64-darwin": {
          "outputs": [
            {
              "name": "out",
              "path": "/nix/store/yvjcj4hcg2kshv16dv8niplkr0hwvfmc-sqlc-1.30.0",
              "default": true
            }
          ],
          "store_path": "/nix/store/yvjcj4hcg2kshv16dv8niplkr0hwvfmc-sqlc-1.30.0"
        },
        "aarch64-linux": {
          "outputs": [
            {
              "name": "out",
              "path": "/nix/store/y2bcgpg0fp1qh24p7q50w2y1yb013cs2-sqlc-1.30.0",
              "default": true
            }
          ],
          "store_path": "/nix/store/y2bcgpg0fp1qh24p7q50w2y1yb013cs2-sqlc-1.30.0"
        },
        "x86_64-darwin": {
          "outputs": [
            {
              "name": "out",
              "path": "/nix/store/jnlpcv1xd92b5fnxh7yrywb0989ii67r-sqlc-1.30.0",
              "default": true
            }
          ],
          "store_path": "/nix/store/jnlpcv1xd92b5fnxh7yrywb0989ii67r-sqlc-1.30.0"
        },
        "x86_64-linux": {
          "outputs": [
            {
              "name": "out",
              "path": "/nix/store/c5rz9zaxbzky25slvah9g24r8ckl47p4-sqlc-1.30.0",
              "default": true
            }
          ],
          "store_path": "/nix/store/c5rz9zaxbzky25slvah9g24r8ckl47p4-sqlc-1.30.0"
        }
      }
    }
  }
}
